{
  "lockfileVersion": 1,
  "workspaces": {
    "": {
      "name": "expense-tracker-nextjs",
      "dependencies": {
        "@clerk/nextjs": "^6.16.0",
        "@prisma/client": "^5.15.1",
        "next": "14.2.4",
        "react": "^18",
        "react-dom": "^18",
        "react-toastify": "^10.0.5",
      },
      "devDependencies": {
        "@types/node": "^20",
        "@types/react": "^18",
        "@types/react-dom": "^18",
        "prisma": "^5.15.1",
        "typescript": "^5",
      },
    },
  },
  "packages": {
    "@clerk/backend": ["@clerk/backend@1.29.1", "", { "dependencies": { "@clerk/shared": "^3.7.2", "@clerk/types": "^4.54.2", "cookie": "1.0.2", "snakecase-keys": "8.0.1", "tslib": "2.8.1" }, "peerDependencies": { "svix": "^1.62.0" }, "optionalPeers": ["svix"] }, "sha512-QMIKTGLJi+hUeEfV1E7Kqe+RSey72BcuMij25HCoBLt1PZVlcvKb9Cf9QM/zfZEFWaTGZk7xSoV42DRut81CyQ=="],

    "@clerk/clerk-react": ["@clerk/clerk-react@5.28.2", "", { "dependencies": { "@clerk/shared": "^3.7.2", "@clerk/types": "^4.54.2", "tslib": "2.8.1" }, "peerDependencies": { "react": "^18.0.0 || ^19.0.0 || ^19.0.0-0", "react-dom": "^18.0.0 || ^19.0.0 || ^19.0.0-0" } }, "sha512-snoA4Q7bkfjzAuZeGm/5cQNX9vAqI5EXiaN3HE18pHSvmhLTmtgvKgeJt+lT+yWQisOWswwp8XlHOToEeIS6dA=="],

    "@clerk/nextjs": ["@clerk/nextjs@6.16.0", "", { "dependencies": { "@clerk/backend": "^1.29.1", "@clerk/clerk-react": "^5.28.2", "@clerk/shared": "^3.7.2", "@clerk/types": "^4.54.2", "server-only": "0.0.1", "tslib": "2.8.1" }, "peerDependencies": { "next": "^13.5.7 || ^14.2.25 || ^15.2.3", "react": "^18.0.0 || ^19.0.0 || ^19.0.0-0", "react-dom": "^18.0.0 || ^19.0.0 || ^19.0.0-0" } }, "sha512-R/3e5Cipp7LFf89oA7eRc5j9byZDjy8ege8Hrba3vKkeq3QADBiZ0oKLh9gp1joSk5TTmE844kOnpuEbVK+VRA=="],

    "@clerk/shared": ["@clerk/shared@3.7.2", "", { "dependencies": { "@clerk/types": "^4.54.2", "dequal": "2.0.3", "glob-to-regexp": "0.4.1", "js-cookie": "3.0.5", "std-env": "^3.8.1", "swr": "^2.3.3" }, "peerDependencies": { "react": "^18.0.0 || ^19.0.0 || ^19.0.0-0", "react-dom": "^18.0.0 || ^19.0.0 || ^19.0.0-0" }, "optionalPeers": ["react", "react-dom"] }, "sha512-gx0qSf1M0QPwoieTytMKZmV6rNfv/849bHpO+hXB3TbuLaZ8DTIG95pIa37C4LBHGgFO1qcyRydwoyAC5skrnQ=="],

    "@clerk/types": ["@clerk/types@4.54.2", "", { "dependencies": { "csstype": "3.1.3" } }, "sha512-9z2odfkK58b8aa9GM6G5CmDefXKoGE8UG8f9cDp//Z4qYMqq2/uPHzDFYawJMu1Da2sUwgNeXEFqoaatXaBoXA=="],

    "@next/env": ["@next/env@14.2.4", "", {}, "sha512-3EtkY5VDkuV2+lNmKlbkibIJxcO4oIHEhBWne6PaAp+76J9KoSsGvNikp6ivzAT8dhhBMYrm6op2pS1ApG0Hzg=="],

    "@next/swc-darwin-arm64": ["@next/swc-darwin-arm64@14.2.4", "", { "os": "darwin", "cpu": "arm64" }, "sha512-AH3mO4JlFUqsYcwFUHb1wAKlebHU/Hv2u2kb1pAuRanDZ7pD/A/KPD98RHZmwsJpdHQwfEc/06mgpSzwrJYnNg=="],

    "@next/swc-darwin-x64": ["@next/swc-darwin-x64@14.2.4", "", { "os": "darwin", "cpu": "x64" }, "sha512-QVadW73sWIO6E2VroyUjuAxhWLZWEpiFqHdZdoQ/AMpN9YWGuHV8t2rChr0ahy+irKX5mlDU7OY68k3n4tAZTg=="],

    "@next/swc-linux-arm64-gnu": ["@next/swc-linux-arm64-gnu@14.2.4", "", { "os": "linux", "cpu": "arm64" }, "sha512-KT6GUrb3oyCfcfJ+WliXuJnD6pCpZiosx2X3k66HLR+DMoilRb76LpWPGb4tZprawTtcnyrv75ElD6VncVamUQ=="],

    "@next/swc-linux-arm64-musl": ["@next/swc-linux-arm64-musl@14.2.4", "", { "os": "linux", "cpu": "arm64" }, "sha512-Alv8/XGSs/ytwQcbCHwze1HmiIkIVhDHYLjczSVrf0Wi2MvKn/blt7+S6FJitj3yTlMwMxII1gIJ9WepI4aZ/A=="],

    "@next/swc-linux-x64-gnu": ["@next/swc-linux-x64-gnu@14.2.4", "", { "os": "linux", "cpu": "x64" }, "sha512-ze0ShQDBPCqxLImzw4sCdfnB3lRmN3qGMB2GWDRlq5Wqy4G36pxtNOo2usu/Nm9+V2Rh/QQnrRc2l94kYFXO6Q=="],

    "@next/swc-linux-x64-musl": ["@next/swc-linux-x64-musl@14.2.4", "", { "os": "linux", "cpu": "x64" }, "sha512-8dwC0UJoc6fC7PX70csdaznVMNr16hQrTDAMPvLPloazlcaWfdPogq+UpZX6Drqb1OBlwowz8iG7WR0Tzk/diQ=="],

    "@next/swc-win32-arm64-msvc": ["@next/swc-win32-arm64-msvc@14.2.4", "", { "os": "win32", "cpu": "arm64" }, "sha512-jxyg67NbEWkDyvM+O8UDbPAyYRZqGLQDTPwvrBBeOSyVWW/jFQkQKQ70JDqDSYg1ZDdl+E3nkbFbq8xM8E9x8A=="],

    "@next/swc-win32-ia32-msvc": ["@next/swc-win32-ia32-msvc@14.2.4", "", { "os": "win32", "cpu": "ia32" }, "sha512-twrmN753hjXRdcrZmZttb/m5xaCBFa48Dt3FbeEItpJArxriYDunWxJn+QFXdJ3hPkm4u7CKxncVvnmgQMY1ag=="],

    "@next/swc-win32-x64-msvc": ["@next/swc-win32-x64-msvc@14.2.4", "", { "os": "win32", "cpu": "x64" }, "sha512-tkLrjBzqFTP8DVrAAQmZelEahfR9OxWpFR++vAI9FBhCiIxtwHwBHC23SBHCTURBtwB4kc/x44imVOnkKGNVGg=="],

    "@prisma/client": ["@prisma/client@5.15.1", "", { "peerDependencies": { "prisma": "*" } }, "sha512-fmZRGmsUJ9+VwC/AvfP/PwdpD0xAEyPvNsD9/B3+GYpETq9VejVRT3PiqNvl76q1uYYzNZeo8u/LmzzTetHSEg=="],

    "@prisma/debug": ["@prisma/debug@5.15.1", "", {}, "sha512-NQjdEplhXEcPvf84ghxExC+LD+iTimbg3sZvA3BhybVQIocBEBxFf9GTHhmRVPmjrWoBaYJBVgEEBXZT27JTbQ=="],

    "@prisma/engines": ["@prisma/engines@5.15.1", "", { "dependencies": { "@prisma/debug": "5.15.1", "@prisma/engines-version": "5.15.1-1.5675a3182f972f1a8f31d16eee6abf4fd54910e3", "@prisma/fetch-engine": "5.15.1", "@prisma/get-platform": "5.15.1" } }, "sha512-1iTRxJEFvpBpEWf2bYiMG6LBBQhX7X+GA5piH+tmPWgc/v+/ElxQf2kjQxby8AErmZqtZkdoKJ7FSRjNjBPE9Q=="],

    "@prisma/engines-version": ["@prisma/engines-version@5.15.1-1.5675a3182f972f1a8f31d16eee6abf4fd54910e3", "", {}, "sha512-7csphKGCG6n/cN1MkT1mJvQ78Ir18IknlYZ8eyEoLKdQBb0HscR/6TyPmzqrMA7Rz01K1KeXqctwAqxtA/lKQg=="],

    "@prisma/fetch-engine": ["@prisma/fetch-engine@5.15.1", "", { "dependencies": { "@prisma/debug": "5.15.1", "@prisma/engines-version": "5.15.1-1.5675a3182f972f1a8f31d16eee6abf4fd54910e3", "@prisma/get-platform": "5.15.1" } }, "sha512-mj0wfsJ+mAdDp1ynT2JKxAXa+CoYMT267qF7g2Uv+oaVTI2CMfGWouMARht8T2QLTgl+gpXSFTwIYbcR+oWEtw=="],

    "@prisma/get-platform": ["@prisma/get-platform@5.15.1", "", { "dependencies": { "@prisma/debug": "5.15.1" } }, "sha512-oFccp7bYys+ZYkmtYzjR+0cRrGKvSuF+h5QhSkyEsYQ9kzJzQRvuWt2SiHRPt8xOQ4MTmujM+bP5uOexnnAHdQ=="],

    "@swc/counter": ["@swc/counter@0.1.3", "", {}, "sha512-e2BR4lsJkkRlKZ/qCHPw9ZaSxc0MVUd7gtbtaB7aMvHeJVYe8sOB8DBZkP2DtISHGSku9sCK6T6cnY0CtXrOCQ=="],

    "@swc/helpers": ["@swc/helpers@0.5.5", "", { "dependencies": { "@swc/counter": "^0.1.3", "tslib": "^2.4.0" } }, "sha512-KGYxvIOXcceOAbEk4bi/dVLEK9z8sZ0uBB3Il5b1rhfClSpcX0yfRO0KmTkqR2cnQDymwLB+25ZyMzICg/cm/A=="],

    "@types/node": ["@types/node@20.14.6", "", { "dependencies": { "undici-types": "~5.26.4" } }, "sha512-JbA0XIJPL1IiNnU7PFxDXyfAwcwVVrOoqyzzyQTyMeVhBzkJVMSkC1LlVsRQ2lpqiY4n6Bb9oCS6lzDKVQxbZw=="],

    "@types/prop-types": ["@types/prop-types@15.7.12", "", {}, "sha512-5zvhXYtRNRluoE/jAp4GVsSduVUzNWKkOZrCDBWYtE7biZywwdC2AcEzg+cSMLFRfVgeAFqpfNabiPjxFddV1Q=="],

    "@types/react": ["@types/react@18.3.3", "", { "dependencies": { "@types/prop-types": "*", "csstype": "^3.0.2" } }, "sha512-hti/R0pS0q1/xx+TsI73XIqk26eBsISZ2R0wUijXIngRK9R/e7Xw/cXVxQK7R5JjW+SV4zGcn5hXjudkN/pLIw=="],

    "@types/react-dom": ["@types/react-dom@18.3.0", "", { "dependencies": { "@types/react": "*" } }, "sha512-EhwApuTmMBmXuFOikhQLIBUn6uFg81SwLMOAUgodJF14SOBOCMdU04gDoYi0WOJJHD144TL32z4yDqCW3dnkQg=="],

    "busboy": ["busboy@1.6.0", "", { "dependencies": { "streamsearch": "^1.1.0" } }, "sha512-8SFQbg/0hQ9xy3UNTB0YEnsNBbWfhf7RtnzpL7TkBiTBRfrQ9Fxcnz7VJsleJpyp6rVLvXiuORqjlHi5q+PYuA=="],

    "caniuse-lite": ["caniuse-lite@1.0.30001636", "", {}, "sha512-bMg2vmr8XBsbL6Lr0UHXy/21m84FTxDLWn2FSqMd5PrlbMxwJlQnC2YWYxVgp66PZE+BBNF2jYQUBKCo1FDeZg=="],

    "client-only": ["client-only@0.0.1", "", {}, "sha512-IV3Ou0jSMzZrd3pZ48nLkT9DA7Ag1pnPzaiQhpW7c3RbcqqzvzzVu+L8gfqMp/8IM2MQtSiqaCxrrcfu8I8rMA=="],

    "clsx": ["clsx@2.1.1", "", {}, "sha512-eYm0QWBtUrBWZWG0d386OGAw16Z995PiOVo2B7bjWSbHedGl5e0ZWaq65kOGgUSNesEIDkB9ISbTg/JK9dhCZA=="],

    "cookie": ["cookie@1.0.2", "", {}, "sha512-9Kr/j4O16ISv8zBBhJoi4bXOYNTkFLOqSL3UDB0njXxCXNezjeyVrJyGOWtgfs/q2km1gwBcfH8q1yEGoMYunA=="],

    "csstype": ["csstype@3.1.3", "", {}, "sha512-M1uQkMl8rQK/szD0LNhtqxIPLpimGm8sOBwU7lLnCpSbTyY3yeU1Vc7l4KT5zT4s/yOxHH5O7tIuuLOCnLADRw=="],

    "dequal": ["dequal@2.0.3", "", {}, "sha512-0je+qPKHEMohvfRTCEo3CrPG6cAzAYgmzKyxRiYSSDkS6eGJdyVJm7WaYA5ECaAD9wLB2T4EEeymA5aFVcYXCA=="],

    "dot-case": ["dot-case@3.0.4", "", { "dependencies": { "no-case": "^3.0.4", "tslib": "^2.0.3" } }, "sha512-Kv5nKlh6yRrdrGvxeJ2e5y2eRUpkUosIW4A2AS38zwSz27zu7ufDwQPi5Jhs3XAlGNetl3bmnGhQsMtkKJnj3w=="],

    "glob-to-regexp": ["glob-to-regexp@0.4.1", "", {}, "sha512-lkX1HJXwyMcprw/5YUZc2s7DrpAiHB21/V+E1rHUrVNokkvB6bqMzT0VfV6/86ZNabt1k14YOIaT7nDvOX3Iiw=="],

    "graceful-fs": ["graceful-fs@4.2.11", "", {}, "sha512-RbJ5/jmFcNNCcDV5o9eTnBLJ/HszWV0P73bc+Ff4nS/rJj+YaS6IGyiOL0VoBYX+l1Wrl3k63h/KrH+nhJ0XvQ=="],

    "js-cookie": ["js-cookie@3.0.5", "", {}, "sha512-cEiJEAEoIbWfCZYKWhVwFuvPX1gETRYPw6LlaTKoxD3s2AkXzkCjnp6h0V77ozyqj0jakteJ4YqDJT830+lVGw=="],

    "js-tokens": ["js-tokens@4.0.0", "", {}, "sha512-RdJUflcE3cUzKiMqQgsCu06FPu9UdIJO0beYbPhHN4k6apgJtifcoCtT9bcxOpYBtpD2kCM6Sbzg4CausW/PKQ=="],

    "loose-envify": ["loose-envify@1.4.0", "", { "dependencies": { "js-tokens": "^3.0.0 || ^4.0.0" }, "bin": "cli.js" }, "sha512-lyuxPGr/Wfhrlem2CL/UcnUc1zcqKAImBDzukY7Y5F/yQiNdko6+fRLevlw1HgMySw7f611UIY408EtxRSoK3Q=="],

    "lower-case": ["lower-case@2.0.2", "", { "dependencies": { "tslib": "^2.0.3" } }, "sha512-7fm3l3NAF9WfN6W3JOmf5drwpVqX78JtoGJ3A6W0a6ZnldM41w2fV5D490psKFTpMds8TJse/eHLFFsNHHjHgg=="],

    "map-obj": ["map-obj@4.3.0", "", {}, "sha512-hdN1wVrZbb29eBGiGjJbeP8JbKjq1urkHJ/LIP/NY48MZ1QVXUsQBV1G1zvYFHn1XE06cwjBsOI2K3Ulnj1YXQ=="],

    "nanoid": ["nanoid@3.3.7", "", { "bin": "bin/nanoid.cjs" }, "sha512-eSRppjcPIatRIMC1U6UngP8XFcz8MQWGQdt1MTBQ7NaAmvXDfvNxbvWV3x2y6CdEUciCSsDHDQZbhYaB8QEo2g=="],

    "next": ["next@14.2.4", "", { "dependencies": { "@next/env": "14.2.4", "@swc/helpers": "0.5.5", "busboy": "1.6.0", "caniuse-lite": "^1.0.30001579", "graceful-fs": "^4.2.11", "postcss": "8.4.31", "styled-jsx": "5.1.1" }, "optionalDependencies": { "@next/swc-darwin-arm64": "14.2.4", "@next/swc-darwin-x64": "14.2.4", "@next/swc-linux-arm64-gnu": "14.2.4", "@next/swc-linux-arm64-musl": "14.2.4", "@next/swc-linux-x64-gnu": "14.2.4", "@next/swc-linux-x64-musl": "14.2.4", "@next/swc-win32-arm64-msvc": "14.2.4", "@next/swc-win32-ia32-msvc": "14.2.4", "@next/swc-win32-x64-msvc": "14.2.4" }, "peerDependencies": { "@opentelemetry/api": "^1.1.0", "@playwright/test": "^1.41.2", "react": "^18.2.0", "react-dom": "^18.2.0", "sass": "^1.3.0" }, "optionalPeers": ["@opentelemetry/api", "@playwright/test", "sass"], "bin": "dist/bin/next" }, "sha512-R8/V7vugY+822rsQGQCjoLhMuC9oFj9SOi4Cl4b2wjDrseD0LRZ10W7R6Czo4w9ZznVSshKjuIomsRjvm9EKJQ=="],

    "no-case": ["no-case@3.0.4", "", { "dependencies": { "lower-case": "^2.0.2", "tslib": "^2.0.3" } }, "sha512-fgAN3jGAh+RoxUGZHTSOLJIqUc2wmoBwGR4tbpNAKmmovFoWq0OdRkb0VkldReO2a2iBT/OEulG9XSUc10r3zg=="],

    "picocolors": ["picocolors@1.0.1", "", {}, "sha512-anP1Z8qwhkbmu7MFP5iTt+wQKXgwzf7zTyGlcdzabySa9vd0Xt392U0rVmz9poOaBj0uHJKyyo9/upk0HrEQew=="],

    "postcss": ["postcss@8.4.31", "", { "dependencies": { "nanoid": "^3.3.6", "picocolors": "^1.0.0", "source-map-js": "^1.0.2" } }, "sha512-PS08Iboia9mts/2ygV3eLpY5ghnUcfLV/EXTOW1E2qYxJKGGBUtNjN76FYHnMs36RmARn41bC0AZmn+rR0OVpQ=="],

    "prisma": ["prisma@5.15.1", "", { "dependencies": { "@prisma/engines": "5.15.1" }, "bin": "build/index.js" }, "sha512-pYsUVpTlYvZ6mWvZKDv9rKdUa7tlfSUJY1CVtgb8Had1pHbIm9fr1MBASccr5XnSuCUrjnvKhWNwgSYy6aCajA=="],

    "react": ["react@18.3.1", "", { "dependencies": { "loose-envify": "^1.1.0" } }, "sha512-wS+hAgJShR0KhEvPJArfuPVN1+Hz1t0Y6n5jLrGQbkb4urgPE/0Rve+1kMB1v/oWgHgm4WIcV+i7F2pTVj+2iQ=="],

    "react-dom": ["react-dom@18.3.1", "", { "dependencies": { "loose-envify": "^1.1.0", "scheduler": "^0.23.2" }, "peerDependencies": { "react": "^18.3.1" } }, "sha512-5m4nQKp+rZRb09LNH59GM4BxTh9251/ylbKIbpe7TpGxfJ+9kv6BLkLBXIjjspbgbnIBNqlI23tRnTWT0snUIw=="],

    "react-toastify": ["react-toastify@10.0.5", "", { "dependencies": { "clsx": "^2.1.0" }, "peerDependencies": { "react": ">=18", "react-dom": ">=18" } }, "sha512-mNKt2jBXJg4O7pSdbNUfDdTsK9FIdikfsIE/yUCxbAEXl4HMyJaivrVFcn3Elvt5xvCQYhUZm+hqTIu1UXM3Pw=="],

    "scheduler": ["scheduler@0.23.2", "", { "dependencies": { "loose-envify": "^1.1.0" } }, "sha512-UOShsPwz7NrMUqhR6t0hWjFduvOzbtv7toDH1/hIrfRNIDBnnBWd0CwJTGvTpngVlmwGCdP9/Zl/tVrDqcuYzQ=="],

    "server-only": ["server-only@0.0.1", "", {}, "sha512-qepMx2JxAa5jjfzxG79yPPq+8BuFToHd1hm7kI+Z4zAq1ftQiP7HcxMhDDItrbtwVeLg/cY2JnKnrcFkmiswNA=="],

    "snake-case": ["snake-case@3.0.4", "", { "dependencies": { "dot-case": "^3.0.4", "tslib": "^2.0.3" } }, "sha512-LAOh4z89bGQvl9pFfNF8V146i7o7/CqFPbqzYgP+yYzDIDeS9HaNFtXABamRW+AQzEVODcvE79ljJ+8a9YSdMg=="],

    "snakecase-keys": ["snakecase-keys@8.0.1", "", { "dependencies": { "map-obj": "^4.1.0", "snake-case": "^3.0.4", "type-fest": "^4.15.0" } }, "sha512-Sj51kE1zC7zh6TDlNNz0/Jn1n5HiHdoQErxO8jLtnyrkJW/M5PrI7x05uDgY3BO7OUQYKCvmeMurW6BPUdwEOw=="],

    "source-map-js": ["source-map-js@1.2.0", "", {}, "sha512-itJW8lvSA0TXEphiRoawsCksnlf8SyvmFzIhltqAHluXd88pkCd+cXJVHTDwdCr0IzwptSm035IHQktUu1QUMg=="],

    "std-env": ["std-env@3.9.0", "", {}, "sha512-UGvjygr6F6tpH7o2qyqR6QYpwraIjKSdtzyBdyytFOHmPZY917kwdwLG0RbOjWOnKmnm3PeHjaoLLMie7kPLQw=="],

    "streamsearch": ["streamsearch@1.1.0", "", {}, "sha512-Mcc5wHehp9aXz1ax6bZUyY5afg9u2rv5cqQI3mRrYkGC8rW2hM02jWuwjtL++LS5qinSyhj2QfLyNsuc+VsExg=="],

    "styled-jsx": ["styled-jsx@5.1.1", "", { "dependencies": { "client-only": "0.0.1" }, "peerDependencies": { "react": ">= 16.8.0 || 17.x.x || ^18.0.0-0" } }, "sha512-pW7uC1l4mBZ8ugbiZrcIsiIvVx1UmTfw7UkC3Um2tmfUq9Bhk8IiyEIPl6F8agHgjzku6j0xQEZbfA5uSgSaCw=="],

    "swr": ["swr@2.3.3", "", { "dependencies": { "dequal": "^2.0.3", "use-sync-external-store": "^1.4.0" }, "peerDependencies": { "react": "^16.11.0 || ^17.0.0 || ^18.0.0 || ^19.0.0" } }, "sha512-dshNvs3ExOqtZ6kJBaAsabhPdHyeY4P2cKwRCniDVifBMoG/SVI7tfLWqPXriVspf2Rg4tPzXJTnwaihIeFw2A=="],

    "tslib": ["tslib@2.8.1", "", {}, "sha512-oJFu94HQb+KVduSUQL7wnpmqnfmLsOA/nAh6b6EH0wCEoK0/mPeXU6c3wKDV83MkOuHPRHtSXKKU99IBazS/2w=="],

    "type-fest": ["type-fest@4.40.0", "", {}, "sha512-ABHZ2/tS2JkvH1PEjxFDTUWC8dB5OsIGZP4IFLhR293GqT5Y5qB1WwL2kMPYhQW9DVgVD8Hd7I8gjwPIf5GFkw=="],

    "typescript": ["typescript@5.4.5", "", { "bin": { "tsc": "bin/tsc", "tsserver": "bin/tsserver" } }, "sha512-vcI4UpRgg81oIRUFwR0WSIHKt11nJ7SAVlYNIu+QpqeyXP+gpQJy/Z4+F0aGxSE4MqwjyXvW/TzgkLAx2AGHwQ=="],

    "undici-types": ["undici-types@5.26.5", "", {}, "sha512-JlCMO+ehdEIKqlFxk6IfVoAUVmgz7cU7zD/h9XZ0qzeosSHmUJVOzSQvvYSYWXkFXC+IfLKSIffhv0sVZup6pA=="],

    "use-sync-external-store": ["use-sync-external-store@1.5.0", "", { "peerDependencies": { "react": "^16.8.0 || ^17.0.0 || ^18.0.0 || ^19.0.0" } }, "sha512-Rb46I4cGGVBmjamjphe8L/UnvJD+uPPtTkNvX5mZgqdbavhI4EbgIWJiIHXJ8bc/i9EQGPRh4DwEURJ552Do0A=="],

    "@swc/helpers/tslib": ["tslib@2.6.3", "", {}, "sha512-xNvxJEOUiWPGhUuUdQgAJPKOOJfGnIyKySOc09XkKsgdUV/3E2zvwZYdejjmRgPCgcym1juLH3226yA7sEFJKQ=="],

    "dot-case/tslib": ["tslib@2.6.3", "", {}, "sha512-xNvxJEOUiWPGhUuUdQgAJPKOOJfGnIyKySOc09XkKsgdUV/3E2zvwZYdejjmRgPCgcym1juLH3226yA7sEFJKQ=="],

    "lower-case/tslib": ["tslib@2.6.3", "", {}, "sha512-xNvxJEOUiWPGhUuUdQgAJPKOOJfGnIyKySOc09XkKsgdUV/3E2zvwZYdejjmRgPCgcym1juLH3226yA7sEFJKQ=="],

    "no-case/tslib": ["tslib@2.6.3", "", {}, "sha512-xNvxJEOUiWPGhUuUdQgAJPKOOJfGnIyKySOc09XkKsgdUV/3E2zvwZYdejjmRgPCgcym1juLH3226yA7sEFJKQ=="],

    "snake-case/tslib": ["tslib@2.6.3", "", {}, "sha512-xNvxJEOUiWPGhUuUdQgAJPKOOJfGnIyKySOc09XkKsgdUV/3E2zvwZYdejjmRgPCgcym1juLH3226yA7sEFJKQ=="],
  }
}
